
Microsoft Visual Studio Solution File, Format Version 12.00
# Visual Studio 15
VisualStudioVersion = 15.0.27428.2015
MinimumVisualStudioVersion = 10.0.40219.1
Project("{8BC9CEB8-8B4A-11D0-8D11-00A0C91BC942}") = "Assigment 3", "Assigment 3\Assigment 3.vcxproj", "{DEC6D341-A732-4B46-A78E-FD965BF34F56}"
EndProject
Global
	GlobalSection(SolutionConfigurationPlatforms) = preSolution
		Debug|x64 = Debug|x64
		Debug|x86 = Debug|x86
		Release|x64 = Release|x64
		Release|x86 = Release|x86
	EndGlobalSection
	GlobalSection(ProjectConfigurationPlatforms) = postSolution
		{DEC6D341-A732-4B46-A78E-FD965BF34F56}.Debug|x64.ActiveCfg = Debug|x64
		{DEC6D341-A732-4B46-A78E-FD965BF34F56}.Debug|x64.Build.0 = Debug|x64
		{DEC6D341-A732-4B46-A78E-FD965BF34F56}.Debug|x86.ActiveCfg = Debug|Win32
		{DEC6D341-A732-4B46-A78E-FD965BF34F56}.Debug|x86.Build.0 = Debug|Win32
		{DEC6D341-A732-4B46-A78E-FD965BF34F56}.Release|x64.ActiveCfg = Release|x64
		{DEC6D341-A732-4B46-A78E-FD965BF34F56}.Release|x64.Build.0 = Release|x64
		{DEC6D341-A732-4B46-A78E-FD965BF34F56}.Release|x86.ActiveCfg = Release|Win32
		{DEC6D341-A732-4B46-A78E-FD965BF34F56}.Release|x86.Build.0 = Release|Win32
	EndGlobalSection
	GlobalSection(SolutionProperties) = preSolution
		HideSolutionNode = FALSE
	EndGlobalSection
	GlobalSection(ExtensibilityGlobals) = postSolution
		SolutionGuid = {12FE6BDB-A442-43C6-B549-53031EAE2B9B}
	EndGlobalSection
EndGlobal
